
Microsoft Visual Studio Solution File, Format Version 12.00
# Visual Studio Version 17
VisualStudioVersion = 17.10.35004.147
MinimumVisualStudioVersion = 10.0.40219.1
Project("{9A19103F-16F7-4668-BE54-9A1E7A4F7556}") = "ApiGateway", "ApiGateway\ApiGateway.csproj", "{CEA6B291-9F91-4FE0-BEC5-A77692AAAD82}"
EndProject
Project("{9A19103F-16F7-4668-BE54-9A1E7A4F7556}") = "DataInputService", "DataInputService\DataInputService.csproj", "{E3CC9780-7A30-4B4C-9C9F-B673BFD20169}"
EndProject
Project("{9A19103F-16F7-4668-BE54-9A1E7A4F7556}") = "WeatherService", "WeatherService\WeatherService.csproj", "{B3FBEA26-40C8-43F3-946C-08DE3FB411FC}"
EndProject
Project("{9A19103F-16F7-4668-BE54-9A1E7A4F7556}") = "AnalysisService", "AnalysisService\AnalysisService.csproj", "{B4DB4816-3B3C-4A4A-A3AC-C4F8E05F7FC6}"
EndProject
Project("{E53339B2-1760-4266-BCC7-CA923CBCF16C}") = "docker-compose", "docker-compose.dcproj", "{4EA89677-BA1A-468C-B1C7-CCF769D71B57}"
EndProject
Project("{FAE04EC0-301F-11D3-BF4B-00C04F79EFBC}") = "AuthService", "AuthService\AuthService.csproj", "{83E9D875-5B15-4126-A2F2-79884E93361F}"
EndProject
Global
	GlobalSection(SolutionConfigurationPlatforms) = preSolution
		Debug|Any CPU = Debug|Any CPU
		Release|Any CPU = Release|Any CPU
	EndGlobalSection
	GlobalSection(ProjectConfigurationPlatforms) = postSolution
		{CEA6B291-9F91-4FE0-BEC5-A77692AAAD82}.Debug|Any CPU.ActiveCfg = Debug|Any CPU
		{CEA6B291-9F91-4FE0-BEC5-A77692AAAD82}.Debug|Any CPU.Build.0 = Debug|Any CPU
		{CEA6B291-9F91-4FE0-BEC5-A77692AAAD82}.Release|Any CPU.ActiveCfg = Release|Any CPU
		{CEA6B291-9F91-4FE0-BEC5-A77692AAAD82}.Release|Any CPU.Build.0 = Release|Any CPU
		{E3CC9780-7A30-4B4C-9C9F-B673BFD20169}.Debug|Any CPU.ActiveCfg = Debug|Any CPU
		{E3CC9780-7A30-4B4C-9C9F-B673BFD20169}.Debug|Any CPU.Build.0 = Debug|Any CPU
		{E3CC9780-7A30-4B4C-9C9F-B673BFD20169}.Release|Any CPU.ActiveCfg = Release|Any CPU
		{E3CC9780-7A30-4B4C-9C9F-B673BFD20169}.Release|Any CPU.Build.0 = Release|Any CPU
		{B3FBEA26-40C8-43F3-946C-08DE3FB411FC}.Debug|Any CPU.ActiveCfg = Debug|Any CPU
		{B3FBEA26-40C8-43F3-946C-08DE3FB411FC}.Debug|Any CPU.Build.0 = Debug|Any CPU
		{B3FBEA26-40C8-43F3-946C-08DE3FB411FC}.Release|Any CPU.ActiveCfg = Release|Any CPU
		{B3FBEA26-40C8-43F3-946C-08DE3FB411FC}.Release|Any CPU.Build.0 = Release|Any CPU
		{B4DB4816-3B3C-4A4A-A3AC-C4F8E05F7FC6}.Debug|Any CPU.ActiveCfg = Debug|Any CPU
		{B4DB4816-3B3C-4A4A-A3AC-C4F8E05F7FC6}.Debug|Any CPU.Build.0 = Debug|Any CPU
		{B4DB4816-3B3C-4A4A-A3AC-C4F8E05F7FC6}.Release|Any CPU.ActiveCfg = Release|Any CPU
		{B4DB4816-3B3C-4A4A-A3AC-C4F8E05F7FC6}.Release|Any CPU.Build.0 = Release|Any CPU
		{4EA89677-BA1A-468C-B1C7-CCF769D71B57}.Debug|Any CPU.ActiveCfg = Debug|Any CPU
		{4EA89677-BA1A-468C-B1C7-CCF769D71B57}.Debug|Any CPU.Build.0 = Debug|Any CPU
		{4EA89677-BA1A-468C-B1C7-CCF769D71B57}.Release|Any CPU.ActiveCfg = Release|Any CPU
		{4EA89677-BA1A-468C-B1C7-CCF769D71B57}.Release|Any CPU.Build.0 = Release|Any CPU
		{83E9D875-5B15-4126-A2F2-79884E93361F}.Debug|Any CPU.ActiveCfg = Debug|Any CPU
		{83E9D875-5B15-4126-A2F2-79884E93361F}.Debug|Any CPU.Build.0 = Debug|Any CPU
		{83E9D875-5B15-4126-A2F2-79884E93361F}.Release|Any CPU.ActiveCfg = Release|Any CPU
		{83E9D875-5B15-4126-A2F2-79884E93361F}.Release|Any CPU.Build.0 = Release|Any CPU
	EndGlobalSection
	GlobalSection(SolutionProperties) = preSolution
		HideSolutionNode = FALSE
	EndGlobalSection
	GlobalSection(ExtensibilityGlobals) = postSolution
		SolutionGuid = {BB25AC20-373A-4D05-88F2-E12E95603F1E}
	EndGlobalSection
EndGlobal
